
Microsoft Visual Studio Solution File, Format Version 12.00
# Visual Studio Version 16
VisualStudioVersion = 16.0.31105.61
MinimumVisualStudioVersion = 10.0.40219.1
Project("{2150E333-8FDC-42A3-9474-1A3956D46DE8}") = "Microservices", "Microservices", "{EEB9094C-955F-413C-9268-CABB5A475C91}"
EndProject
Project("{2150E333-8FDC-42A3-9474-1A3956D46DE8}") = "Domain", "Domain", "{A049AAAF-4C53-4FB5-AD6F-AD986A6E6A0A}"
EndProject
Project("{2150E333-8FDC-42A3-9474-1A3956D46DE8}") = "Infra.Bus", "Infra.Bus", "{B778F08C-C877-48EF-9B67-D626F64CDDC9}"
EndProject
Project("{2150E333-8FDC-42A3-9474-1A3956D46DE8}") = "Infra.IoC", "Infra.IoC", "{5DA2389C-A7F4-424F-A305-10DCCF2547ED}"
EndProject
Project("{2150E333-8FDC-42A3-9474-1A3956D46DE8}") = "Presentation", "Presentation", "{5530C04B-ED21-4486-9600-4F47982EA1F7}"
EndProject
Project("{9A19103F-16F7-4668-BE54-9A1E7A4F7556}") = "MicroRabbit.Domain.Core", "MicroRabbit.Domain.Core\MicroRabbit.Domain.Core.csproj", "{D10D4667-67AA-4ECC-9C57-00812EC4FD28}"
EndProject
Project("{9A19103F-16F7-4668-BE54-9A1E7A4F7556}") = "MicroRabbit.Infra.Bus", "MicroRabbit.Infra.Bus\MicroRabbit.Infra.Bus.csproj", "{D632EEF4-E8DE-4FE6-B199-D7F6AB9DE75E}"
EndProject
Project("{9A19103F-16F7-4668-BE54-9A1E7A4F7556}") = "MicroRabbit.Infra.IoC", "MicroRabbit.Infra.IoC\MicroRabbit.Infra.IoC.csproj", "{CFF78AF5-79AA-40A0-B37A-E50FA7C3A9A7}"
EndProject
Project("{2150E333-8FDC-42A3-9474-1A3956D46DE8}") = "Banking", "Banking", "{EADCB08E-D170-495A-995B-B475ABCFA129}"
EndProject
Project("{2150E333-8FDC-42A3-9474-1A3956D46DE8}") = "Api", "Api", "{F14097D6-16C8-4BFB-B09F-0FC83E80C9E4}"
EndProject
Project("{2150E333-8FDC-42A3-9474-1A3956D46DE8}") = "Domain", "Domain", "{E3832E47-7004-430A-A571-1B148A9B0711}"
EndProject
Project("{2150E333-8FDC-42A3-9474-1A3956D46DE8}") = "Application", "Application", "{14B03505-A4E1-42DE-840B-EF999885FE27}"
EndProject
Project("{2150E333-8FDC-42A3-9474-1A3956D46DE8}") = "Data", "Data", "{23A8F4E2-5BF1-47CE-A735-E5B965F9E887}"
EndProject
Project("{9A19103F-16F7-4668-BE54-9A1E7A4F7556}") = "MicroRabbit.Banking.Data", "MicroRabbit.Banking.Data\MicroRabbit.Banking.Data.csproj", "{4EABF7D7-6A51-4586-95C3-2F41356877DE}"
EndProject
Project("{9A19103F-16F7-4668-BE54-9A1E7A4F7556}") = "MicroRabbit.Banking.Domain", "MicroRabbit.Banking.Domain\MicroRabbit.Banking.Domain.csproj", "{AF146FA3-AD11-4E3D-8220-114D390398B0}"
EndProject
Project("{9A19103F-16F7-4668-BE54-9A1E7A4F7556}") = "MicroRabbit.Banking.Application", "MicroRabbit.Banking.Application\MicroRabbit.Banking.Application.csproj", "{CCB5827D-634D-47C1-AAB7-4DC77C42CBD8}"
EndProject
Project("{9A19103F-16F7-4668-BE54-9A1E7A4F7556}") = "MicroRabbit.Banking.Api", "MicroRabbit.Banking.Api\MicroRabbit.Banking.Api.csproj", "{D2253E28-0A1E-410E-A10E-D340D922E817}"
EndProject
Project("{2150E333-8FDC-42A3-9474-1A3956D46DE8}") = "Transfer", "Transfer", "{920884CA-90E9-41C6-8AF5-8255034903C2}"
EndProject
Project("{2150E333-8FDC-42A3-9474-1A3956D46DE8}") = "Api", "Api", "{7819F285-A39C-4893-8C42-F3325C6A0F2F}"
EndProject
Project("{2150E333-8FDC-42A3-9474-1A3956D46DE8}") = "Application", "Application", "{E3BE5C4D-5E41-41F2-BF95-CB09BE93F6AA}"
EndProject
Project("{2150E333-8FDC-42A3-9474-1A3956D46DE8}") = "Data", "Data", "{1D732830-B57A-455F-8A1E-86A391780247}"
EndProject
Project("{2150E333-8FDC-42A3-9474-1A3956D46DE8}") = "Domain", "Domain", "{B5F0107B-76C2-409F-9854-94316A60A104}"
EndProject
Project("{9A19103F-16F7-4668-BE54-9A1E7A4F7556}") = "MicroRabbit.Transfer.Api", "MicroRabbit.Transfer.Api\MicroRabbit.Transfer.Api.csproj", "{0EF2601D-B31D-4ACF-B8A8-47E0684F186A}"
EndProject
Project("{9A19103F-16F7-4668-BE54-9A1E7A4F7556}") = "MicroRabbit.Transfer.Application", "MicroRabbit.Transfer.Application\MicroRabbit.Transfer.Application.csproj", "{D7768886-3588-4EBD-ACDC-54D80ED88234}"
EndProject
Project("{9A19103F-16F7-4668-BE54-9A1E7A4F7556}") = "MicroRabbit.Transfer.Data", "MicroRabbit.Transfer.Data\MicroRabbit.Transfer.Data.csproj", "{9F72434B-0622-4A22-AEA6-051DB825881C}"
EndProject
Project("{9A19103F-16F7-4668-BE54-9A1E7A4F7556}") = "MicroRabbit.Transfer.Domain", "MicroRabbit.Transfer.Domain\MicroRabbit.Transfer.Domain.csproj", "{BE5CF744-D4FE-4832-8389-C12A972F068C}"
EndProject
Project("{FAE04EC0-301F-11D3-BF4B-00C04F79EFBC}") = "MicroRabbit.MVC", "MicroRabbit.MVC\MicroRabbit.MVC.csproj", "{7125B7AB-933D-4B32-B556-73321BB72F0D}"
EndProject
Global
	GlobalSection(SolutionConfigurationPlatforms) = preSolution
		Debug|Any CPU = Debug|Any CPU
		Release|Any CPU = Release|Any CPU
	EndGlobalSection
	GlobalSection(ProjectConfigurationPlatforms) = postSolution
		{D10D4667-67AA-4ECC-9C57-00812EC4FD28}.Debug|Any CPU.ActiveCfg = Debug|Any CPU
		{D10D4667-67AA-4ECC-9C57-00812EC4FD28}.Debug|Any CPU.Build.0 = Debug|Any CPU
		{D10D4667-67AA-4ECC-9C57-00812EC4FD28}.Release|Any CPU.ActiveCfg = Release|Any CPU
		{D10D4667-67AA-4ECC-9C57-00812EC4FD28}.Release|Any CPU.Build.0 = Release|Any CPU
		{D632EEF4-E8DE-4FE6-B199-D7F6AB9DE75E}.Debug|Any CPU.ActiveCfg = Debug|Any CPU
		{D632EEF4-E8DE-4FE6-B199-D7F6AB9DE75E}.Debug|Any CPU.Build.0 = Debug|Any CPU
		{D632EEF4-E8DE-4FE6-B199-D7F6AB9DE75E}.Release|Any CPU.ActiveCfg = Release|Any CPU
		{D632EEF4-E8DE-4FE6-B199-D7F6AB9DE75E}.Release|Any CPU.Build.0 = Release|Any CPU
		{CFF78AF5-79AA-40A0-B37A-E50FA7C3A9A7}.Debug|Any CPU.ActiveCfg = Debug|Any CPU
		{CFF78AF5-79AA-40A0-B37A-E50FA7C3A9A7}.Debug|Any CPU.Build.0 = Debug|Any CPU
		{CFF78AF5-79AA-40A0-B37A-E50FA7C3A9A7}.Release|Any CPU.ActiveCfg = Release|Any CPU
		{CFF78AF5-79AA-40A0-B37A-E50FA7C3A9A7}.Release|Any CPU.Build.0 = Release|Any CPU
		{4EABF7D7-6A51-4586-95C3-2F41356877DE}.Debug|Any CPU.ActiveCfg = Debug|Any CPU
		{4EABF7D7-6A51-4586-95C3-2F41356877DE}.Debug|Any CPU.Build.0 = Debug|Any CPU
		{4EABF7D7-6A51-4586-95C3-2F41356877DE}.Release|Any CPU.ActiveCfg = Release|Any CPU
		{4EABF7D7-6A51-4586-95C3-2F41356877DE}.Release|Any CPU.Build.0 = Release|Any CPU
		{AF146FA3-AD11-4E3D-8220-114D390398B0}.Debug|Any CPU.ActiveCfg = Debug|Any CPU
		{AF146FA3-AD11-4E3D-8220-114D390398B0}.Debug|Any CPU.Build.0 = Debug|Any CPU
		{AF146FA3-AD11-4E3D-8220-114D390398B0}.Release|Any CPU.ActiveCfg = Release|Any CPU
		{AF146FA3-AD11-4E3D-8220-114D390398B0}.Release|Any CPU.Build.0 = Release|Any CPU
		{CCB5827D-634D-47C1-AAB7-4DC77C42CBD8}.Debug|Any CPU.ActiveCfg = Debug|Any CPU
		{CCB5827D-634D-47C1-AAB7-4DC77C42CBD8}.Debug|Any CPU.Build.0 = Debug|Any CPU
		{CCB5827D-634D-47C1-AAB7-4DC77C42CBD8}.Release|Any CPU.ActiveCfg = Release|Any CPU
		{CCB5827D-634D-47C1-AAB7-4DC77C42CBD8}.Release|Any CPU.Build.0 = Release|Any CPU
		{D2253E28-0A1E-410E-A10E-D340D922E817}.Debug|Any CPU.ActiveCfg = Debug|Any CPU
		{D2253E28-0A1E-410E-A10E-D340D922E817}.Debug|Any CPU.Build.0 = Debug|Any CPU
		{D2253E28-0A1E-410E-A10E-D340D922E817}.Release|Any CPU.ActiveCfg = Release|Any CPU
		{D2253E28-0A1E-410E-A10E-D340D922E817}.Release|Any CPU.Build.0 = Release|Any CPU
		{0EF2601D-B31D-4ACF-B8A8-47E0684F186A}.Debug|Any CPU.ActiveCfg = Debug|Any CPU
		{0EF2601D-B31D-4ACF-B8A8-47E0684F186A}.Debug|Any CPU.Build.0 = Debug|Any CPU
		{0EF2601D-B31D-4ACF-B8A8-47E0684F186A}.Release|Any CPU.ActiveCfg = Release|Any CPU
		{0EF2601D-B31D-4ACF-B8A8-47E0684F186A}.Release|Any CPU.Build.0 = Release|Any CPU
		{D7768886-3588-4EBD-ACDC-54D80ED88234}.Debug|Any CPU.ActiveCfg = Debug|Any CPU
		{D7768886-3588-4EBD-ACDC-54D80ED88234}.Debug|Any CPU.Build.0 = Debug|Any CPU
		{D7768886-3588-4EBD-ACDC-54D80ED88234}.Release|Any CPU.ActiveCfg = Release|Any CPU
		{D7768886-3588-4EBD-ACDC-54D80ED88234}.Release|Any CPU.Build.0 = Release|Any CPU
		{9F72434B-0622-4A22-AEA6-051DB825881C}.Debug|Any CPU.ActiveCfg = Debug|Any CPU
		{9F72434B-0622-4A22-AEA6-051DB825881C}.Debug|Any CPU.Build.0 = Debug|Any CPU
		{9F72434B-0622-4A22-AEA6-051DB825881C}.Release|Any CPU.ActiveCfg = Release|Any CPU
		{9F72434B-0622-4A22-AEA6-051DB825881C}.Release|Any CPU.Build.0 = Release|Any CPU
		{BE5CF744-D4FE-4832-8389-C12A972F068C}.Debug|Any CPU.ActiveCfg = Debug|Any CPU
		{BE5CF744-D4FE-4832-8389-C12A972F068C}.Debug|Any CPU.Build.0 = Debug|Any CPU
		{BE5CF744-D4FE-4832-8389-C12A972F068C}.Release|Any CPU.ActiveCfg = Release|Any CPU
		{BE5CF744-D4FE-4832-8389-C12A972F068C}.Release|Any CPU.Build.0 = Release|Any CPU
		{7125B7AB-933D-4B32-B556-73321BB72F0D}.Debug|Any CPU.ActiveCfg = Debug|Any CPU
		{7125B7AB-933D-4B32-B556-73321BB72F0D}.Debug|Any CPU.Build.0 = Debug|Any CPU
		{7125B7AB-933D-4B32-B556-73321BB72F0D}.Release|Any CPU.ActiveCfg = Release|Any CPU
		{7125B7AB-933D-4B32-B556-73321BB72F0D}.Release|Any CPU.Build.0 = Release|Any CPU
	EndGlobalSection
	GlobalSection(SolutionProperties) = preSolution
		HideSolutionNode = FALSE
	EndGlobalSection
	GlobalSection(NestedProjects) = preSolution
		{D10D4667-67AA-4ECC-9C57-00812EC4FD28} = {A049AAAF-4C53-4FB5-AD6F-AD986A6E6A0A}
		{D632EEF4-E8DE-4FE6-B199-D7F6AB9DE75E} = {B778F08C-C877-48EF-9B67-D626F64CDDC9}
		{CFF78AF5-79AA-40A0-B37A-E50FA7C3A9A7} = {5DA2389C-A7F4-424F-A305-10DCCF2547ED}
		{EADCB08E-D170-495A-995B-B475ABCFA129} = {EEB9094C-955F-413C-9268-CABB5A475C91}
		{F14097D6-16C8-4BFB-B09F-0FC83E80C9E4} = {EADCB08E-D170-495A-995B-B475ABCFA129}
		{E3832E47-7004-430A-A571-1B148A9B0711} = {EADCB08E-D170-495A-995B-B475ABCFA129}
		{14B03505-A4E1-42DE-840B-EF999885FE27} = {EADCB08E-D170-495A-995B-B475ABCFA129}
		{23A8F4E2-5BF1-47CE-A735-E5B965F9E887} = {EADCB08E-D170-495A-995B-B475ABCFA129}
		{4EABF7D7-6A51-4586-95C3-2F41356877DE} = {23A8F4E2-5BF1-47CE-A735-E5B965F9E887}
		{AF146FA3-AD11-4E3D-8220-114D390398B0} = {E3832E47-7004-430A-A571-1B148A9B0711}
		{CCB5827D-634D-47C1-AAB7-4DC77C42CBD8} = {14B03505-A4E1-42DE-840B-EF999885FE27}
		{D2253E28-0A1E-410E-A10E-D340D922E817} = {F14097D6-16C8-4BFB-B09F-0FC83E80C9E4}
		{920884CA-90E9-41C6-8AF5-8255034903C2} = {EEB9094C-955F-413C-9268-CABB5A475C91}
		{7819F285-A39C-4893-8C42-F3325C6A0F2F} = {920884CA-90E9-41C6-8AF5-8255034903C2}
		{E3BE5C4D-5E41-41F2-BF95-CB09BE93F6AA} = {920884CA-90E9-41C6-8AF5-8255034903C2}
		{1D732830-B57A-455F-8A1E-86A391780247} = {920884CA-90E9-41C6-8AF5-8255034903C2}
		{B5F0107B-76C2-409F-9854-94316A60A104} = {920884CA-90E9-41C6-8AF5-8255034903C2}
		{0EF2601D-B31D-4ACF-B8A8-47E0684F186A} = {7819F285-A39C-4893-8C42-F3325C6A0F2F}
		{D7768886-3588-4EBD-ACDC-54D80ED88234} = {E3BE5C4D-5E41-41F2-BF95-CB09BE93F6AA}
		{9F72434B-0622-4A22-AEA6-051DB825881C} = {1D732830-B57A-455F-8A1E-86A391780247}
		{BE5CF744-D4FE-4832-8389-C12A972F068C} = {B5F0107B-76C2-409F-9854-94316A60A104}
		{7125B7AB-933D-4B32-B556-73321BB72F0D} = {5530C04B-ED21-4486-9600-4F47982EA1F7}
	EndGlobalSection
	GlobalSection(ExtensibilityGlobals) = postSolution
		SolutionGuid = {8BD75E32-C9FA-479B-9D67-3F1855329423}
	EndGlobalSection
EndGlobal
